
Microsoft Visual Studio Solution File, Format Version 12.00
# Visual Studio Version 17
VisualStudioVersion = 17.14.36408.4
MinimumVisualStudioVersion = 10.0.40219.1
Project("{FAE04EC0-301F-11D3-BF4B-00C04F79EFBC}") = "LifeFit.Dominio", "LifeFit.Dominio\LifeFit.Dominio.csproj", "{61A426DA-E9C7-485C-8FFC-65128EB2A298}"
EndProject
Project("{FAE04EC0-301F-11D3-BF4B-00C04F79EFBC}") = "FGB.Dominio", "FGB.Dominio\FGB.Dominio.csproj", "{AC598434-987C-49AF-9A00-5CE7E9200126}"
EndProject
Project("{FAE04EC0-301F-11D3-BF4B-00C04F79EFBC}") = "FGB.Api", "FGB.Api\FGB.Api.csproj", "{3E69EBDB-26EC-429D-B13C-BA56977FCD41}"
EndProject
Project("{FAE04EC0-301F-11D3-BF4B-00C04F79EFBC}") = "FitzinhoAPI", "FitzinhoAPI\FitzinhoAPI.csproj", "{7B70A565-DF3A-48AC-86CB-7E9246C10656}"
EndProject
Global
	GlobalSection(SolutionConfigurationPlatforms) = preSolution
		Debug|Any CPU = Debug|Any CPU
		Release|Any CPU = Release|Any CPU
	EndGlobalSection
	GlobalSection(ProjectConfigurationPlatforms) = postSolution
		{61A426DA-E9C7-485C-8FFC-65128EB2A298}.Debug|Any CPU.ActiveCfg = Debug|Any CPU
		{61A426DA-E9C7-485C-8FFC-65128EB2A298}.Debug|Any CPU.Build.0 = Debug|Any CPU
		{61A426DA-E9C7-485C-8FFC-65128EB2A298}.Release|Any CPU.ActiveCfg = Release|Any CPU
		{61A426DA-E9C7-485C-8FFC-65128EB2A298}.Release|Any CPU.Build.0 = Release|Any CPU
		{AC598434-987C-49AF-9A00-5CE7E9200126}.Debug|Any CPU.ActiveCfg = Debug|Any CPU
		{AC598434-987C-49AF-9A00-5CE7E9200126}.Debug|Any CPU.Build.0 = Debug|Any CPU
		{AC598434-987C-49AF-9A00-5CE7E9200126}.Release|Any CPU.ActiveCfg = Release|Any CPU
		{AC598434-987C-49AF-9A00-5CE7E9200126}.Release|Any CPU.Build.0 = Release|Any CPU
		{3E69EBDB-26EC-429D-B13C-BA56977FCD41}.Debug|Any CPU.ActiveCfg = Debug|Any CPU
		{3E69EBDB-26EC-429D-B13C-BA56977FCD41}.Debug|Any CPU.Build.0 = Debug|Any CPU
		{3E69EBDB-26EC-429D-B13C-BA56977FCD41}.Release|Any CPU.ActiveCfg = Release|Any CPU
		{3E69EBDB-26EC-429D-B13C-BA56977FCD41}.Release|Any CPU.Build.0 = Release|Any CPU
		{7B70A565-DF3A-48AC-86CB-7E9246C10656}.Debug|Any CPU.ActiveCfg = Debug|Any CPU
		{7B70A565-DF3A-48AC-86CB-7E9246C10656}.Debug|Any CPU.Build.0 = Debug|Any CPU
		{7B70A565-DF3A-48AC-86CB-7E9246C10656}.Release|Any CPU.ActiveCfg = Release|Any CPU
		{7B70A565-DF3A-48AC-86CB-7E9246C10656}.Release|Any CPU.Build.0 = Release|Any CPU
	EndGlobalSection
	GlobalSection(SolutionProperties) = preSolution
		HideSolutionNode = FALSE
	EndGlobalSection
	GlobalSection(ExtensibilityGlobals) = postSolution
		SolutionGuid = {779D72AD-F91C-41DC-A303-E6C4CBA55A4A}
	EndGlobalSection
EndGlobal
